# Generated by conda-lock.
# platform: osx-64
# input_hash: 811ca3968157d38eaaaa7292f2c111f7cc7312d438a8a8ddc9eff928cc8d8892
@EXPLICIT
https://conda.anaconda.org/conda-forge/noarch/font-ttf-dejavu-sans-mono-2.37-hab24e00_0.tar.bz2#0c96522c6bdaed4b1566d11387caaf45
https://conda.anaconda.org/conda-forge/noarch/font-ttf-inconsolata-3.000-h77eed37_0.tar.bz2#34893075a5c9e55cdafac56607368fc6
https://conda.anaconda.org/conda-forge/noarch/font-ttf-source-code-pro-2.038-h77eed37_0.tar.bz2#4d59c254e01d9cde7957100457e2d5fb
https://conda.anaconda.org/conda-forge/noarch/font-ttf-ubuntu-0.83-h77eed37_3.conda#49023d73832ef61042f6a237cb2687e7
https://conda.anaconda.org/conda-forge/noarch/python_abi-3.12-8_cp312.conda#c3efd25ac4d74b1584d2f7a57195ddf1
https://conda.anaconda.org/conda-forge/noarch/tzdata-2025c-hc9c84f9_1.conda#ad659d0a2b3e47e38d829aa8cad2d610
https://conda.anaconda.org/conda-forge/osx-64/bzip2-1.0.8-h500dc9f_9.conda#4173ac3b19ec0a4f400b4f782910368b
https://conda.anaconda.org/conda-forge/noarch/ca-certificates-2026.2.25-hbd8a1cb_0.conda#4492fd26db29495f0ba23f146cd5638d
https://conda.anaconda.org/conda-forge/noarch/fonts-conda-forge-1-hc364b38_1.conda#a7970cd949a077b7cb9696379d338681
https://conda.anaconda.org/conda-forge/osx-64/icu-78.2-h14c5de8_0.conda#30334add4de016489b731c6662511684
https://conda.anaconda.org/conda-forge/osx-64/libbrotlicommon-1.2.0-h8616949_1.conda#f157c098841474579569c85a60ece586
https://conda.anaconda.org/conda-forge/osx-64/libcxx-22.1.1-h19cb2f5_0.conda#799141ac68a99265f04bcee196b2df51
https://conda.anaconda.org/conda-forge/osx-64/libdeflate-1.25-h517ebb2_0.conda#31aa65919a729dc48180893f62c25221
https://conda.anaconda.org/conda-forge/osx-64/libexpat-2.7.4-h991f03e_0.conda#a684eb8a19b2aa68fde0267df172a1e3
https://conda.anaconda.org/conda-forge/osx-64/libffi-3.5.2-hd1f9c09_0.conda#66a0dc7464927d0853b590b6f53ba3ea
https://conda.anaconda.org/conda-forge/osx-64/libiconv-1.18-h57a12c2_2.conda#210a85a1119f97ea7887188d176db135
https://conda.anaconda.org/conda-forge/osx-64/libjpeg-turbo-3.1.2-h8616949_0.conda#48dda187f169f5a8f1e5e07701d5cdd9
https://conda.anaconda.org/conda-forge/osx-64/liblzma-5.8.2-h11316ed_0.conda#688a0c3d57fa118b9c97bf7e471ab46c
https://conda.anaconda.org/conda-forge/osx-64/libntlm-1.8-h6e16a3a_0.conda#23d706dbe90b54059ad86ff826677f39
https://conda.anaconda.org/conda-forge/osx-64/libwebp-base-1.6.0-hb807250_0.conda#7bb6608cf1f83578587297a158a6630b
https://conda.anaconda.org/conda-forge/osx-64/libzlib-1.3.1-hd23fc13_2.conda#003a54a4e32b02f7355b50a837e699da
https://conda.anaconda.org/conda-forge/osx-64/ncurses-6.5-h0622a9a_3.conda#ced34dd9929f491ca6dab6a2927aff25
https://conda.anaconda.org/conda-forge/osx-64/double-conversion-3.4.0-hcc62823_0.conda#fc23399a4bbad04320567d132572540f
https://conda.anaconda.org/conda-forge/noarch/fonts-conda-ecosystem-1-0.tar.bz2#fee5683a3f04bd15cbd8318b096a27ab
https://conda.anaconda.org/conda-forge/osx-64/graphite2-1.3.14-h21dd04a_2.conda#ba63822087afc37e01bf44edcc2479f3
https://conda.anaconda.org/conda-forge/osx-64/lerc-4.1.0-h35c7297_0.conda#d2fe7e177d1c97c985140bd54e2a5e33
https://conda.anaconda.org/conda-forge/osx-64/libbrotlidec-1.2.0-h8616949_1.conda#63186ac7a8a24b3528b4b14f21c03f54
https://conda.anaconda.org/conda-forge/osx-64/libbrotlienc-1.2.0-h8616949_1.conda#12a58fd3fc285ce20cf20edf21a0ff8f
https://conda.anaconda.org/conda-forge/osx-64/libedit-3.1.20250104-pl5321ha958ccf_0.conda#1f4ed31220402fcddc083b4bff406868
https://conda.anaconda.org/conda-forge/osx-64/libintl-0.25.1-h3184127_1.conda#a8e54eefc65645193c46e8b180f62d22
https://conda.anaconda.org/conda-forge/osx-64/libpng-1.6.55-h07817ec_0.conda#4fc7ed44d55aaf1d72b8fbc18774b90c
https://conda.anaconda.org/conda-forge/osx-64/libsqlite-3.52.0-h77d7759_0.conda#d553eb96758e038b04027b30fe314b2d
https://conda.anaconda.org/conda-forge/osx-64/libxml2-16-2.15.2-h7a90416_0.conda#0c8bdbfd118f5963ab343846094932a3
https://conda.anaconda.org/conda-forge/osx-64/openssl-3.6.1-hb6871ef_1.conda#30bb8d08b99b9a7600d39efb3559fff0
https://conda.anaconda.org/conda-forge/osx-64/pcre2-10.47-h13923f0_0.conda#08f970fb2b75f5be27678e077ebedd46
https://conda.anaconda.org/conda-forge/osx-64/pixman-0.46.4-ha059160_1.conda#742a8552e51029585a32b6024e9f57b4
https://conda.anaconda.org/conda-forge/osx-64/readline-8.3-h68b038d_0.conda#eefd65452dfe7cce476a519bece46704
https://conda.anaconda.org/conda-forge/osx-64/tk-8.6.13-h7142dee_3.conda#6e6efb7463f8cef69dbcb4c2205bf60e
https://conda.anaconda.org/conda-forge/osx-64/zstd-1.5.7-h3eecb57_6.conda#727109b184d680772e3122f40136d5ca
https://conda.anaconda.org/conda-forge/osx-64/krb5-1.22.2-h207b36a_0.conda#e66e2c52d2fdddcf314ad750fb4ebb4a
https://conda.anaconda.org/conda-forge/osx-64/libfreetype6-2.14.2-h58fbd8d_0.conda#2e6760656fde7df787fdef045d0fc65d
https://conda.anaconda.org/conda-forge/osx-64/libglib-2.86.4-hec30fc1_1.conda#b8437d8dc24f46da3565d7f0c5a96d45
https://conda.anaconda.org/conda-forge/osx-64/libtiff-4.7.1-ha0a348c_1.conda#9d4344f94de4ab1330cdc41c40152ea6
https://conda.anaconda.org/conda-forge/osx-64/libxml2-2.15.2-hd552753_0.conda#eea3155f3b4a3b75af504c871ec23858
https://conda.anaconda.org/conda-forge/osx-64/python-3.12.13-ha9537fe_0_cpython.conda#ec05996c0d914a4e98ee3c7d789083f8
https://conda.anaconda.org/conda-forge/osx-64/backports.zstd-1.3.0-py312h6917036_0.conda#c8b7d0fb5ff6087760dde8f5f388b135
https://conda.anaconda.org/conda-forge/osx-64/brotli-python-1.2.0-py312h4b46afd_1.conda#01fdbccc39e0a7698e9556e8036599b7
https://conda.anaconda.org/conda-forge/noarch/certifi-2026.2.25-pyhd8ed1ab_0.conda#765c4d97e877cdbbb88ff33152b86125
https://conda.anaconda.org/conda-forge/noarch/charset-normalizer-3.4.6-pyhd8ed1ab_0.conda#49ee13eb9b8f44d63879c69b8a40a74b
https://conda.anaconda.org/conda-forge/osx-64/cyrus-sasl-2.1.28-h7cc0300_1.conda#7cca8a57fc2450bf088a257faf30c815
https://conda.anaconda.org/conda-forge/noarch/hpack-4.1.0-pyhd8ed1ab_0.conda#0a802cb9888dd14eeefc611f05c40b6e
https://conda.anaconda.org/conda-forge/noarch/hyperframe-6.1.0-pyhd8ed1ab_0.conda#8e6923fc12f1fe8f8c4e5c9f343256ac
https://conda.anaconda.org/conda-forge/noarch/idna-3.11-pyhd8ed1ab_0.conda#53abe63df7e10a6ba605dc5f9f961d36
https://conda.anaconda.org/conda-forge/osx-64/libfreetype-2.14.2-h694c41f_0.conda#bf29ee73174c610d7cad0b081b500df7
https://conda.anaconda.org/conda-forge/osx-64/libllvm19-19.1.7-h56e7563_2.conda#05a54b479099676e75f80ad0ddd38eff
https://conda.anaconda.org/conda-forge/osx-64/libllvm22-22.1.1-hab754da_0.conda#bc8a82ea7405ba0bf6e89e5d67c47b97
https://conda.anaconda.org/conda-forge/osx-64/libxslt-1.1.43-h486b42e_1.conda#367b8029352f3899fb76cc20f4d144b9
https://conda.anaconda.org/conda-forge/noarch/packaging-26.0-pyhcf101f3_0.conda#b76541e68fea4d511b1ac46a28dcd2c6
https://conda.anaconda.org/conda-forge/noarch/pysocks-1.7.1-pyha55dd90_7.conda#461219d1a5bd61342293efa2c0c90eac
https://conda.anaconda.org/conda-forge/noarch/setuptools-82.0.1-pyh332efcf_0.conda#8e194e7b992f99a5015edbd4ebd38efd
https://conda.anaconda.org/conda-forge/noarch/typing_extensions-4.15.0-pyhcf101f3_0.conda#0caa1af407ecff61170c9437a808404d
https://conda.anaconda.org/conda-forge/osx-64/fontconfig-2.17.1-h7a4440b_0.conda#4646a20e8bbb54903d6b8e631ceb550d
https://conda.anaconda.org/conda-forge/noarch/h2-4.3.0-pyhcf101f3_0.conda#164fc43f0b53b6e3a7bc7dce5e4f1dc9
https://conda.anaconda.org/conda-forge/osx-64/libclang-cpp19.1-19.1.7-default_h9399c5b_8.conda#a7d5aeecbf1810d10913932823eae26a
https://conda.anaconda.org/conda-forge/osx-64/libclang13-22.1.0-default_h2429e1b_0.conda#400cff1a4191c862e0b38166c27f1545
https://conda.anaconda.org/conda-forge/osx-64/openldap-2.6.10-h2f5043c_1.conda#bb2df226289c661053b92100ada260c9
https://conda.anaconda.org/conda-forge/noarch/typing-extensions-4.15.0-h396c80c_0.conda#edd329d7d3a4ab45dcf905899a7a6115
https://conda.anaconda.org/conda-forge/noarch/typing-inspection-0.4.2-pyhd8ed1ab_1.conda#a0a4a3035667fc34f29bfbd5c190baa6
https://conda.anaconda.org/conda-forge/noarch/wheel-0.46.3-pyhd8ed1ab_0.conda#bdbd7385b4a67025ac2dba4ef8cb6a8f
https://conda.anaconda.org/conda-forge/noarch/annotated-types-0.7.0-pyhd8ed1ab_1.conda#2934f256a8acfe48f6ebb4fce6cde29c
https://conda.anaconda.org/conda-forge/osx-64/cairo-1.18.4-h7656bdc_1.conda#9917add2ab43df894b9bb6f5bf485975
https://conda.anaconda.org/conda-forge/osx-64/libpq-18.3-h94170d9_0.conda#8f4f1c2407327f61202e0bf26efdfb6d
https://conda.anaconda.org/conda-forge/noarch/pip-26.0.1-pyh8b19718_0.conda#67bdec43082fd8a9cffb9484420b39a2
https://conda.anaconda.org/conda-forge/osx-64/pydantic-core-2.41.5-py312h8a6388b_1.conda#8ab9943e70b341775f266f8fd1e2911b
https://conda.anaconda.org/conda-forge/noarch/urllib3-2.6.3-pyhd8ed1ab_0.conda#9272daa869e03efe68833e3dc7a02130
https://conda.anaconda.org/conda-forge/osx-64/harfbuzz-13.1.1-hf0bc557_0.conda#6387e0cca0d8124004def70867d138b6
https://conda.anaconda.org/conda-forge/noarch/pydantic-2.12.5-pyhcf101f3_1.conda#c3946ed24acdb28db1b5d63321dbca7d
https://conda.anaconda.org/conda-forge/noarch/requests-2.32.5-pyhcf101f3_1.conda#c65df89a0b2e321045a9e01d1337b182
https://conda.anaconda.org/conda-forge/osx-64/qt6-main-6.10.2-hbc49dae_5.conda#5932ad5e1fe63419dbb56e98ab2419f3
https://conda.anaconda.org/conda-forge/osx-64/pyside6-6.10.2-py312hf685572_0.conda#42b5e1d6314a068a256196f7b94b08a3
