# Generated by conda-lock.
# platform: osx-arm64
# input_hash: 3414c9f687091b4d7129dd4e90bd8315caa2304fc54558b7313d0c6d4b804b35
@EXPLICIT
https://conda.anaconda.org/conda-forge/noarch/font-ttf-dejavu-sans-mono-2.37-hab24e00_0.tar.bz2#0c96522c6bdaed4b1566d11387caaf45
https://conda.anaconda.org/conda-forge/noarch/font-ttf-inconsolata-3.000-h77eed37_0.tar.bz2#34893075a5c9e55cdafac56607368fc6
https://conda.anaconda.org/conda-forge/noarch/font-ttf-source-code-pro-2.038-h77eed37_0.tar.bz2#4d59c254e01d9cde7957100457e2d5fb
https://conda.anaconda.org/conda-forge/noarch/font-ttf-ubuntu-0.83-h77eed37_3.conda#49023d73832ef61042f6a237cb2687e7
https://conda.anaconda.org/conda-forge/noarch/python_abi-3.12-8_cp312.conda#c3efd25ac4d74b1584d2f7a57195ddf1
https://conda.anaconda.org/conda-forge/noarch/tzdata-2025c-hc9c84f9_1.conda#ad659d0a2b3e47e38d829aa8cad2d610
https://conda.anaconda.org/conda-forge/osx-arm64/bzip2-1.0.8-hd037594_9.conda#620b85a3f45526a8bc4d23fd78fc22f0
https://conda.anaconda.org/conda-forge/noarch/ca-certificates-2026.2.25-hbd8a1cb_0.conda#4492fd26db29495f0ba23f146cd5638d
https://conda.anaconda.org/conda-forge/noarch/fonts-conda-forge-1-hc364b38_1.conda#a7970cd949a077b7cb9696379d338681
https://conda.anaconda.org/conda-forge/osx-arm64/icu-78.2-hef89b57_0.conda#114e6bfe7c5ad2525eb3597acdbf2300
https://conda.anaconda.org/conda-forge/osx-arm64/libbrotlicommon-1.2.0-hc919400_1.conda#006e7ddd8a110771134fcc4e1e3a6ffa
https://conda.anaconda.org/conda-forge/osx-arm64/libcxx-22.1.1-h55c6f16_0.conda#7a290d944bc0c481a55baf33fa289deb
https://conda.anaconda.org/conda-forge/osx-arm64/libdeflate-1.25-hc11a715_0.conda#a6130c709305cd9828b4e1bd9ba0000c
https://conda.anaconda.org/conda-forge/osx-arm64/libexpat-2.7.4-hf6b4638_0.conda#a92e310ae8dfc206ff449f362fc4217f
https://conda.anaconda.org/conda-forge/osx-arm64/libffi-3.5.2-hcf2aa1b_0.conda#43c04d9cb46ef176bb2a4c77e324d599
https://conda.anaconda.org/conda-forge/osx-arm64/libiconv-1.18-h23cfdf5_2.conda#4d5a7445f0b25b6a3ddbb56e790f5251
https://conda.anaconda.org/conda-forge/osx-arm64/libjpeg-turbo-3.1.2-hc919400_0.conda#f0695fbecf1006f27f4395d64bd0c4b8
https://conda.anaconda.org/conda-forge/osx-arm64/liblzma-5.8.2-h8088a28_0.conda#009f0d956d7bfb00de86901d16e486c7
https://conda.anaconda.org/conda-forge/osx-arm64/libntlm-1.8-h5505292_0.conda#c90c1d3bd778f5ec0d4bb4ef36cbd5b6
https://conda.anaconda.org/conda-forge/osx-arm64/libwebp-base-1.6.0-h07db88b_0.conda#e5e7d467f80da752be17796b87fe6385
https://conda.anaconda.org/conda-forge/osx-arm64/libzlib-1.3.1-h8359307_2.conda#369964e85dc26bfe78f41399b366c435
https://conda.anaconda.org/conda-forge/osx-arm64/ncurses-6.5-h5e97a16_3.conda#068d497125e4bf8a66bf707254fff5ae
https://conda.anaconda.org/conda-forge/osx-arm64/double-conversion-3.4.0-hf6b4638_0.conda#5c2db157899dc09a20dcc87638066120
https://conda.anaconda.org/conda-forge/noarch/fonts-conda-ecosystem-1-0.tar.bz2#fee5683a3f04bd15cbd8318b096a27ab
https://conda.anaconda.org/conda-forge/osx-arm64/graphite2-1.3.14-hec049ff_2.conda#0fc46fee39e88bbcf5835f71a9d9a209
https://conda.anaconda.org/conda-forge/osx-arm64/lerc-4.1.0-h1eee2c3_0.conda#095e5749868adab9cae42d4b460e5443
https://conda.anaconda.org/conda-forge/osx-arm64/libbrotlidec-1.2.0-hc919400_1.conda#079e88933963f3f149054eec2c487bc2
https://conda.anaconda.org/conda-forge/osx-arm64/libbrotlienc-1.2.0-hc919400_1.conda#b2b7c8288ca1a2d71ff97a8e6a1e8883
https://conda.anaconda.org/conda-forge/osx-arm64/libedit-3.1.20250104-pl5321hafb1f1b_0.conda#44083d2d2c2025afca315c7a172eab2b
https://conda.anaconda.org/conda-forge/osx-arm64/libintl-0.25.1-h493aca8_0.conda#5103f6a6b210a3912faf8d7db516918c
https://conda.anaconda.org/conda-forge/osx-arm64/libpng-1.6.55-h132b30e_0.conda#871dc88b0192ac49b6a5509932c31377
https://conda.anaconda.org/conda-forge/osx-arm64/libsqlite-3.52.0-h1ae2325_0.conda#f6233a3fddc35a2ec9f617f79d6f3d71
https://conda.anaconda.org/conda-forge/osx-arm64/libxml2-16-2.15.2-h5ef1a60_0.conda#b284e2b02d53ef7981613839fb86beee
https://conda.anaconda.org/conda-forge/osx-arm64/openssl-3.6.1-hd24854e_1.conda#f4f6ad63f98f64191c3e77c5f5f29d76
https://conda.anaconda.org/conda-forge/osx-arm64/pcre2-10.47-h30297fc_0.conda#9b4190c4055435ca3502070186eba53a
https://conda.anaconda.org/conda-forge/osx-arm64/pixman-0.46.4-h81086ad_1.conda#17c3d745db6ea72ae2fce17e7338547f
https://conda.anaconda.org/conda-forge/osx-arm64/readline-8.3-h46df422_0.conda#f8381319127120ce51e081dce4865cf4
https://conda.anaconda.org/conda-forge/osx-arm64/tk-8.6.13-h010d191_3.conda#a9d86bc62f39b94c4661716624eb21b0
https://conda.anaconda.org/conda-forge/osx-arm64/zstd-1.5.7-hbf9d68e_6.conda#ab136e4c34e97f34fb621d2592a393d8
https://conda.anaconda.org/conda-forge/osx-arm64/krb5-1.22.2-h385eeb1_0.conda#e446e1822f4da8e5080a9de93474184d
https://conda.anaconda.org/conda-forge/osx-arm64/libfreetype6-2.14.2-hdfa99f5_0.conda#e726e134a392ae5d7bafa6cc4a3d5725
https://conda.anaconda.org/conda-forge/osx-arm64/libglib-2.86.4-he378b5c_1.conda#673069f6725ed7b1073f9b96094294d1
https://conda.anaconda.org/conda-forge/osx-arm64/libtiff-4.7.1-h4030677_1.conda#e2a72ab2fa54ecb6abab2b26cde93500
https://conda.anaconda.org/conda-forge/osx-arm64/libxml2-2.15.2-h8d039ee_0.conda#e476ba84e57f2bd2004a27381812ad4e
https://conda.anaconda.org/conda-forge/osx-arm64/python-3.12.13-h8561d8f_0_cpython.conda#8e7608172fa4d1b90de9a745c2fd2b81
https://conda.anaconda.org/conda-forge/osx-arm64/backports.zstd-1.3.0-py312h44dc372_0.conda#c2d5961bfd98504b930e704426d16572
https://conda.anaconda.org/conda-forge/osx-arm64/brotli-python-1.2.0-py312h0dfefe5_1.conda#311fcf3f6a8c4eb70f912798035edd35
https://conda.anaconda.org/conda-forge/noarch/certifi-2026.2.25-pyhd8ed1ab_0.conda#765c4d97e877cdbbb88ff33152b86125
https://conda.anaconda.org/conda-forge/noarch/charset-normalizer-3.4.6-pyhd8ed1ab_0.conda#49ee13eb9b8f44d63879c69b8a40a74b
https://conda.anaconda.org/conda-forge/osx-arm64/cyrus-sasl-2.1.28-hb961e35_1.conda#784c64a42b083798c5acd2373df5b825
https://conda.anaconda.org/conda-forge/noarch/hpack-4.1.0-pyhd8ed1ab_0.conda#0a802cb9888dd14eeefc611f05c40b6e
https://conda.anaconda.org/conda-forge/noarch/hyperframe-6.1.0-pyhd8ed1ab_0.conda#8e6923fc12f1fe8f8c4e5c9f343256ac
https://conda.anaconda.org/conda-forge/noarch/idna-3.11-pyhd8ed1ab_0.conda#53abe63df7e10a6ba605dc5f9f961d36
https://conda.anaconda.org/conda-forge/osx-arm64/libfreetype-2.14.2-hce30654_0.conda#a3a53232936b55ffea76806aefe19e8b
https://conda.anaconda.org/conda-forge/osx-arm64/libllvm19-19.1.7-h8e0c9ce_2.conda#d1d9b233830f6631800acc1e081a9444
https://conda.anaconda.org/conda-forge/osx-arm64/libllvm22-22.1.1-h89af1be_0.conda#ead237a59f2abca6861c134a589c9e83
https://conda.anaconda.org/conda-forge/osx-arm64/libxslt-1.1.43-hb2570ba_1.conda#90f7ed12bb3c164c758131b3d3c2ab0c
https://conda.anaconda.org/conda-forge/noarch/packaging-26.0-pyhcf101f3_0.conda#b76541e68fea4d511b1ac46a28dcd2c6
https://conda.anaconda.org/conda-forge/noarch/pysocks-1.7.1-pyha55dd90_7.conda#461219d1a5bd61342293efa2c0c90eac
https://conda.anaconda.org/conda-forge/noarch/setuptools-82.0.1-pyh332efcf_0.conda#8e194e7b992f99a5015edbd4ebd38efd
https://conda.anaconda.org/conda-forge/noarch/typing_extensions-4.15.0-pyhcf101f3_0.conda#0caa1af407ecff61170c9437a808404d
https://conda.anaconda.org/conda-forge/osx-arm64/fontconfig-2.17.1-h2b252f5_0.conda#d06ae1a11b46cc4c74177ecd28de7c7a
https://conda.anaconda.org/conda-forge/noarch/h2-4.3.0-pyhcf101f3_0.conda#164fc43f0b53b6e3a7bc7dce5e4f1dc9
https://conda.anaconda.org/conda-forge/osx-arm64/libclang-cpp19.1-19.1.7-default_hf3020a7_8.conda#445fc95210a8e15e8b5f9f93782e3f80
https://conda.anaconda.org/conda-forge/osx-arm64/libclang13-22.1.0-default_h13b06bd_0.conda#64ecee538edc16caf5717f3c2d6d8545
https://conda.anaconda.org/conda-forge/osx-arm64/openldap-2.6.10-hf7f56bc_1.conda#a9a018599629925fb1e597e5a730d2af
https://conda.anaconda.org/conda-forge/noarch/typing-extensions-4.15.0-h396c80c_0.conda#edd329d7d3a4ab45dcf905899a7a6115
https://conda.anaconda.org/conda-forge/noarch/typing-inspection-0.4.2-pyhd8ed1ab_1.conda#a0a4a3035667fc34f29bfbd5c190baa6
https://conda.anaconda.org/conda-forge/noarch/wheel-0.46.3-pyhd8ed1ab_0.conda#bdbd7385b4a67025ac2dba4ef8cb6a8f
https://conda.anaconda.org/conda-forge/noarch/annotated-types-0.7.0-pyhd8ed1ab_1.conda#2934f256a8acfe48f6ebb4fce6cde29c
https://conda.anaconda.org/conda-forge/osx-arm64/cairo-1.18.4-he0f2337_1.conda#36200ecfbbfbcb82063c87725434161f
https://conda.anaconda.org/conda-forge/osx-arm64/libpq-18.3-hd341ff2_0.conda#fc064efe5042bcaf994307822ccbb1f1
https://conda.anaconda.org/conda-forge/noarch/pip-26.0.1-pyh8b19718_0.conda#67bdec43082fd8a9cffb9484420b39a2
https://conda.anaconda.org/conda-forge/osx-arm64/pydantic-core-2.41.5-py312h6ef9ec0_1.conda#88a76b4c912b6127d64298e3d8db980c
https://conda.anaconda.org/conda-forge/noarch/urllib3-2.6.3-pyhd8ed1ab_0.conda#9272daa869e03efe68833e3dc7a02130
https://conda.anaconda.org/conda-forge/osx-arm64/harfbuzz-13.1.1-h3103d1b_0.conda#cfb229fdf2b19d1557c755cce8e183a8
https://conda.anaconda.org/conda-forge/noarch/pydantic-2.12.5-pyhcf101f3_1.conda#c3946ed24acdb28db1b5d63321dbca7d
https://conda.anaconda.org/conda-forge/noarch/requests-2.32.5-pyhcf101f3_1.conda#c65df89a0b2e321045a9e01d1337b182
https://conda.anaconda.org/conda-forge/osx-arm64/qt6-main-6.10.2-ha6d198a_5.conda#27449652bf68f089d4f35754284baa7b
https://conda.anaconda.org/conda-forge/osx-arm64/pyside6-6.10.2-py312h4aa7bac_0.conda#ed239461d5b8cf558b5e3f6715823d9c
